<?xml version="1.0" encoding="UTF-8"?>
<Scheme
   version = "1.3">
   <BuildAction>
      <BuildActionEntries>
         <BuildActionEntry
            buildForRunning = "YES">
            <BuildableReference
               BuildableIdentifier = "primary"
               BlueprintIdentifier = "19DDEE3E6ADBF68A389C6470"
               BuildableName = "ExhaustiveSearch"
               BlueprintName = "ExhaustiveSearch"
               ReferencedContainer = "container:ExhaustiveSearch.xcodeproj">
            </BuildableReference>
         </BuildActionEntry>
      </BuildActionEntries>
   </BuildAction>
   <LaunchAction
      useCustomWorkingDirectory = "NO"
      buildConfiguration = "Debug"
      allowLocationSimulation = "YES">
      <BuildableProductRunnable>
         <BuildableReference
            BuildableIdentifier = "primary"
            BlueprintIdentifier = "19DDEE3E6ADBF68A389C6470"
            BuildableName = "ExhaustiveSearch"
            BlueprintName = "ExhaustiveSearch"
            ReferencedContainer = "container:ExhaustiveSearch.xcodeproj">
         </BuildableReference>
      </BuildableProductRunnable>
   </LaunchAction>
</Scheme>
