<?xml version="1.0" encoding="UTF-8"?>
<Scheme
   version = "1.3">
   <BuildAction>
      <BuildActionEntries>
         <BuildActionEntry
            buildForRunning = "YES">
            <BuildableReference
               BuildableIdentifier = "primary"
               BlueprintIdentifier = "19DDEFCEB47A03F474DFA3E3"
               BuildableName = "FloodFillAssignment"
               BlueprintName = "FloodFillAssignment"
               ReferencedContainer = "container:FloodFillAssignment.xcodeproj">
            </BuildableReference>
         </BuildActionEntry>
      </BuildActionEntries>
   </BuildAction>
   <LaunchAction
      useCustomWorkingDirectory = "NO"
      buildConfiguration = "Debug"
      allowLocationSimulation = "YES">
      <BuildableProductRunnable>
         <BuildableReference
            BuildableIdentifier = "primary"
            BlueprintIdentifier = "19DDEFCEB47A03F474DFA3E3"
            BuildableName = "FloodFillAssignment"
            BlueprintName = "FloodFillAssignment"
            ReferencedContainer = "container:FloodFillAssignment.xcodeproj">
         </BuildableReference>
      </BuildableProductRunnable>
   </LaunchAction>
</Scheme>
