// !$*UTF8*$!
{
	archiveVersion = 1;
	classes = {
	};
	objectVersion = 46;
	objects = {

/* Begin PBXBuildFile section */
		19DDE0E31BCFC9B7C63BA45D /* whoIsMyParent.swift in Sources */ = {isa = PBXBuildFile; fileRef = 19DDEEFDB783A9E5A15887D8 /* whoIsMyParent.swift */; };
		19DDE45AD63F6B692D34C112 /* main.swift in Sources */ = {isa = PBXBuildFile; fileRef = 19DDE542DEEF371B494634C6 /* main.swift */; };
		19DDE693B5219A17327379CB /* diameter.swift in Sources */ = {isa = PBXBuildFile; fileRef = 19DDE4F26AE8AE6437629130 /* diameter.swift */; };
		19DDEEB17D5349732E308872 /* adjacencyList.swift in Sources */ = {isa = PBXBuildFile; fileRef = 19DDE30CE0920BAB049EB8B2 /* adjacencyList.swift */; };
		19DDEF4EA6A093AA29BFF033 /* diameter2.swift in Sources */ = {isa = PBXBuildFile; fileRef = 19DDE05481AD4025BDA74805 /* diameter2.swift */; };
/* End PBXBuildFile section */

/* Begin PBXCopyFilesBuildPhase section */
		19DDE2188489DF0495A8DFF7 /* CopyFiles */ = {
			isa = PBXCopyFilesBuildPhase;
			buildActionMask = 2147483647;
			dstPath = /usr/share/man/man1/;
			dstSubfolderSpec = 0;
			files = (
			);
			runOnlyForDeploymentPostprocessing = 1;
		};
/* End PBXCopyFilesBuildPhase section */

/* Begin PBXFileReference section */
		19DDE05481AD4025BDA74805 /* diameter2.swift */ = {isa = PBXFileReference; fileEncoding = 4; lastKnownFileType = sourcecode.swift; path = diameter2.swift; sourceTree = "<group>"; };
		19DDE26B34041498A74EE0E7 /* TreeBasicsAssignment */ = {isa = PBXFileReference; explicitFileType = "compiled.mach-o.executable"; includeInIndex = 0; path = TreeBasicsAssignment; sourceTree = BUILT_PRODUCTS_DIR; };
		19DDE30CE0920BAB049EB8B2 /* adjacencyList.swift */ = {isa = PBXFileReference; fileEncoding = 4; lastKnownFileType = sourcecode.swift; path = adjacencyList.swift; sourceTree = "<group>"; };
		19DDE4F26AE8AE6437629130 /* diameter.swift */ = {isa = PBXFileReference; fileEncoding = 4; lastKnownFileType = sourcecode.swift; path = diameter.swift; sourceTree = "<group>"; };
		19DDE542DEEF371B494634C6 /* main.swift */ = {isa = PBXFileReference; lastKnownFileType = sourcecode.swift; path = main.swift; sourceTree = "<group>"; };
		19DDEEFDB783A9E5A15887D8 /* whoIsMyParent.swift */ = {isa = PBXFileReference; fileEncoding = 4; lastKnownFileType = sourcecode.swift; path = whoIsMyParent.swift; sourceTree = "<group>"; };
/* End PBXFileReference section */

/* Begin PBXFrameworksBuildPhase section */
		19DDEA64823FDC23301D4085 /* Frameworks */ = {
			isa = PBXFrameworksBuildPhase;
			buildActionMask = 2147483647;
			files = (
			);
			runOnlyForDeploymentPostprocessing = 0;
		};
/* End PBXFrameworksBuildPhase section */

/* Begin PBXGroup section */
		19DDE6A3958D069034A774EF /* TreeBasicsAssignment */ = {
			isa = PBXGroup;
			children = (
				19DDE542DEEF371B494634C6 /* main.swift */,
				19DDEEFDB783A9E5A15887D8 /* whoIsMyParent.swift */,
				19DDE4F26AE8AE6437629130 /* diameter.swift */,
				19DDE30CE0920BAB049EB8B2 /* adjacencyList.swift */,
				19DDE05481AD4025BDA74805 /* diameter2.swift */,
			);
			path = TreeBasicsAssignment;
			sourceTree = "<group>";
		};
		19DDEB687695D07EFFAB4DA7 /* Products */ = {
			isa = PBXGroup;
			children = (
				19DDE26B34041498A74EE0E7 /* TreeBasicsAssignment */,
			);
			name = Products;
			sourceTree = "<group>";
		};
		19DDEC3984C8F7DED2B63D40 = {
			isa = PBXGroup;
			children = (
				19DDEB687695D07EFFAB4DA7 /* Products */,
				19DDE6A3958D069034A774EF /* TreeBasicsAssignment */,
			);
			sourceTree = "<group>";
		};
/* End PBXGroup section */

/* Begin PBXNativeTarget section */
		19DDEB7D5D6EB5DC4F65232E /* TreeBasicsAssignment */ = {
			isa = PBXNativeTarget;
			buildConfigurationList = 19DDE60CB722757843F794FA /* Build configuration list for PBXNativeTarget "TreeBasicsAssignment" */;
			buildPhases = (
				19DDE289AE345F576D757E98 /* Sources */,
				19DDEA64823FDC23301D4085 /* Frameworks */,
				19DDE2188489DF0495A8DFF7 /* CopyFiles */,
			);
			buildRules = (
			);
			dependencies = (
			);
			name = TreeBasicsAssignment;
			productName = TreeBasicsAssignment;
			productReference = 19DDE26B34041498A74EE0E7 /* TreeBasicsAssignment */;
			productType = "com.apple.product-type.tool";
		};
/* End PBXNativeTarget section */

/* Begin PBXProject section */
		19DDE78D14AB86A10178149C /* Project object */ = {
			isa = PBXProject;
			attributes = {
				ORGANIZATIONNAME = kat2n;
			};
			buildConfigurationList = 19DDE703C8430E62DB7732A7 /* Build configuration list for PBXProject "TreeBasicsAssignment" */;
			compatibilityVersion = "Xcode 3.2";
			developmentRegion = English;
			hasScannedForEncodings = 0;
			knownRegions = (
				en,
			);
			mainGroup = 19DDEC3984C8F7DED2B63D40;
			productRefGroup = 19DDEB687695D07EFFAB4DA7 /* Products */;
			projectDirPath = "";
			projectRoot = "";
			targets = (
				19DDEB7D5D6EB5DC4F65232E /* TreeBasicsAssignment */,
			);
		};
/* End PBXProject section */

/* Begin PBXSourcesBuildPhase section */
		19DDE289AE345F576D757E98 /* Sources */ = {
			isa = PBXSourcesBuildPhase;
			buildActionMask = 2147483647;
			files = (
				19DDE45AD63F6B692D34C112 /* main.swift in Sources */,
				19DDE0E31BCFC9B7C63BA45D /* whoIsMyParent.swift in Sources */,
				19DDE693B5219A17327379CB /* diameter.swift in Sources */,
				19DDEEB17D5349732E308872 /* adjacencyList.swift in Sources */,
				19DDEF4EA6A093AA29BFF033 /* diameter2.swift in Sources */,
			);
			runOnlyForDeploymentPostprocessing = 0;
		};
/* End PBXSourcesBuildPhase section */

/* Begin XCBuildConfiguration section */
		19DDE0DFD537F6AA9B78182C /* Release */ = {
			isa = XCBuildConfiguration;
			buildSettings = {
				PRODUCT_NAME = "$(TARGET_NAME)";
				SWIFT_VERSION = 4.2;
			};
			name = Release;
		};
		19DDE36AA5058134E5C124F7 /* Release */ = {
			isa = XCBuildConfiguration;
			buildSettings = {
				ALWAYS_SEARCH_USER_PATHS = NO;
				CLANG_ANALYZER_NONNULL = YES;
				CLANG_ANALYZER_NUMBER_OBJECT_CONVERSION = YES_AGGRESSIVE;
				CLANG_CXX_LANGUAGE_STANDARD = "gnu++14";
				CLANG_CXX_LIBRARY = "libc++";
				CLANG_ENABLE_MODULES = YES;
				CLANG_ENABLE_OBJC_ARC = YES;
				CLANG_ENABLE_OBJC_WEAK = YES;
				CLANG_WARN_BLOCK_CAPTURE_AUTORELEASING = YES;
				CLANG_WARN_BOOL_CONVERSION = YES;
				CLANG_WARN_COMMA = YES;
				CLANG_WARN_CONSTANT_CONVERSION = YES;
				CLANG_WARN_DEPRECATED_OBJC_IMPLEMENTATIONS = YES;
				CLANG_WARN_DIRECT_OBJC_ISA_USAGE = YES_ERROR;
				CLANG_WARN_DOCUMENTATION_COMMENTS = YES;
				CLANG_WARN_EMPTY_BODY = YES;
				CLANG_WARN_ENUM_CONVERSION = YES;
				CLANG_WARN_INFINITE_RECURSION = YES;
				CLANG_WARN_INT_CONVERSION = YES;
				CLANG_WARN_NON_LITERAL_NULL_CONVERSION = YES;
				CLANG_WARN_OBJC_IMPLICIT_RETAIN_SELF = YES;
				CLANG_WARN_OBJC_LITERAL_CONVERSION = YES;
				CLANG_WARN_OBJC_ROOT_CLASS = YES_ERROR;
				CLANG_WARN_RANGE_LOOP_ANALYSIS = YES;
				CLANG_WARN_STRICT_PROTOTYPES = YES;
				CLANG_WARN_SUSPICIOUS_MOVE = YES;
				CLANG_WARN_UNGUARDED_AVAILABILITY = YES_AGGRESSIVE;
				CLANG_WARN_UNREACHABLE_CODE = YES;
				CLANG_WARN__DUPLICATE_METHOD_MATCH = YES;
				CODE_SIGN_IDENTITY = "-";
				COPY_PHASE_STRIP = NO;
				DEBUG_INFORMATION_FORMAT = "dwarf-with-dsym";
				ENABLE_NS_ASSERTIONS = NO;
				ENABLE_STRICT_OBJC_MSGSEND = YES;
				GCC_C_LANGUAGE_STANDARD = gnu11;
				GCC_NO_COMMON_BLOCKS = YES;
				GCC_WARN_64_TO_32_BIT_CONVERSION = YES;
				GCC_WARN_ABOUT_RETURN_TYPE = YES_ERROR;
				GCC_WARN_UNDECLARED_SELECTOR = YES;
				GCC_WARN_UNINITIALIZED_AUTOS = YES_AGGRESSIVE;
				GCC_WARN_UNUSED_FUNCTION = YES;
				GCC_WARN_UNUSED_VARIABLE = YES;
				MACOSX_DEPLOYMENT_TARGET = 10.14;
				MTL_ENABLE_DEBUG_INFO = NO;
				MTL_FAST_MATH = YES;
				SDKROOT = macosx;
				SWIFT_COMPILATION_MODE = wholemodule;
				SWIFT_OPTIMIZATION_LEVEL = "-O";
			};
			name = Release;
		};
		19DDE75D133ED27BF6A75E6E /* Debug */ = {
			isa = XCBuildConfiguration;
			buildSettings = {
				PRODUCT_NAME = "$(TARGET_NAME)";
				SWIFT_VERSION = 4.2;
			};
			name = Debug;
		};
		19DDEF2763D826D1232833D1 /* Debug */ = {
			isa = XCBuildConfiguration;
			buildSettings = {
				ALWAYS_SEARCH_USER_PATHS = NO;
				CLANG_ANALYZER_NONNULL = YES;
				CLANG_ANALYZER_NUMBER_OBJECT_CONVERSION = YES_AGGRESSIVE;
				CLANG_CXX_LANGUAGE_STANDARD = "gnu++14";
				CLANG_CXX_LIBRARY = "libc++";
				CLANG_ENABLE_MODULES = YES;
				CLANG_ENABLE_OBJC_ARC = YES;
				CLANG_ENABLE_OBJC_WEAK = YES;
				CLANG_WARN_BLOCK_CAPTURE_AUTORELEASING = YES;
				CLANG_WARN_BOOL_CONVERSION = YES;
				CLANG_WARN_COMMA = YES;
				CLANG_WARN_CONSTANT_CONVERSION = YES;
				CLANG_WARN_DEPRECATED_OBJC_IMPLEMENTATIONS = YES;
				CLANG_WARN_DIRECT_OBJC_ISA_USAGE = YES_ERROR;
				CLANG_WARN_DOCUMENTATION_COMMENTS = YES;
				CLANG_WARN_EMPTY_BODY = YES;
				CLANG_WARN_ENUM_CONVERSION = YES;
				CLANG_WARN_INFINITE_RECURSION = YES;
				CLANG_WARN_INT_CONVERSION = YES;
				CLANG_WARN_NON_LITERAL_NULL_CONVERSION = YES;
				CLANG_WARN_OBJC_IMPLICIT_RETAIN_SELF = YES;
				CLANG_WARN_OBJC_LITERAL_CONVERSION = YES;
				CLANG_WARN_OBJC_ROOT_CLASS = YES_ERROR;
				CLANG_WARN_RANGE_LOOP_ANALYSIS = YES;
				CLANG_WARN_STRICT_PROTOTYPES = YES;
				CLANG_WARN_SUSPICIOUS_MOVE = YES;
				CLANG_WARN_UNGUARDED_AVAILABILITY = YES_AGGRESSIVE;
				CLANG_WARN_UNREACHABLE_CODE = YES;
				CLANG_WARN__DUPLICATE_METHOD_MATCH = YES;
				CODE_SIGN_IDENTITY = "-";
				COPY_PHASE_STRIP = NO;
				DEBUG_INFORMATION_FORMAT = dwarf;
				ENABLE_STRICT_OBJC_MSGSEND = YES;
				ENABLE_TESTABILITY = YES;
				GCC_C_LANGUAGE_STANDARD = gnu11;
				GCC_DYNAMIC_NO_PIC = NO;
				GCC_NO_COMMON_BLOCKS = YES;
				GCC_OPTIMIZATION_LEVEL = 0;
				GCC_PREPROCESSOR_DEFINITIONS = (
					"DEBUG=1",
					"$(inherited)",
				);
				GCC_WARN_64_TO_32_BIT_CONVERSION = YES;
				GCC_WARN_ABOUT_RETURN_TYPE = YES_ERROR;
				GCC_WARN_UNDECLARED_SELECTOR = YES;
				GCC_WARN_UNINITIALIZED_AUTOS = YES_AGGRESSIVE;
				GCC_WARN_UNUSED_FUNCTION = YES;
				GCC_WARN_UNUSED_VARIABLE = YES;
				MACOSX_DEPLOYMENT_TARGET = 10.14;
				MTL_ENABLE_DEBUG_INFO = INCLUDE_SOURCE;
				MTL_FAST_MATH = YES;
				ONLY_ACTIVE_ARCH = YES;
				SDKROOT = macosx;
				SWIFT_ACTIVE_COMPILATION_CONDITIONS = DEBUG;
				SWIFT_OPTIMIZATION_LEVEL = "-Onone";
			};
			name = Debug;
		};
/* End XCBuildConfiguration section */

/* Begin XCConfigurationList section */
		19DDE60CB722757843F794FA /* Build configuration list for PBXNativeTarget "TreeBasicsAssignment" */ = {
			isa = XCConfigurationList;
			buildConfigurations = (
				19DDE75D133ED27BF6A75E6E /* Debug */,
				19DDE0DFD537F6AA9B78182C /* Release */,
			);
			defaultConfigurationIsVisible = 0;
		};
		19DDE703C8430E62DB7732A7 /* Build configuration list for PBXProject "TreeBasicsAssignment" */ = {
			isa = XCConfigurationList;
			buildConfigurations = (
				19DDEF2763D826D1232833D1 /* Debug */,
				19DDE36AA5058134E5C124F7 /* Release */,
			);
			defaultConfigurationIsVisible = 0;
			defaultConfigurationName = Release;
		};
/* End XCConfigurationList section */
	};
	rootObject = 19DDE78D14AB86A10178149C /* Project object */;
}
