<?xml version="1.0" encoding="UTF-8"?>
<Scheme
   version = "1.3">
   <BuildAction>
      <BuildActionEntries>
         <BuildActionEntry
            buildForRunning = "YES">
            <BuildableReference
               BuildableIdentifier = "primary"
               BlueprintIdentifier = "19DDECD7FDD9AA93C69E8E10"
               BuildableName = "HeapAndPriorityQueue"
               BlueprintName = "HeapAndPriorityQueue"
               ReferencedContainer = "container:HeapAndPriorityQueue.xcodeproj">
            </BuildableReference>
         </BuildActionEntry>
      </BuildActionEntries>
   </BuildAction>
   <LaunchAction
      useCustomWorkingDirectory = "NO"
      buildConfiguration = "Debug"
      allowLocationSimulation = "YES">
      <BuildableProductRunnable>
         <BuildableReference
            BuildableIdentifier = "primary"
            BlueprintIdentifier = "19DDECD7FDD9AA93C69E8E10"
            BuildableName = "HeapAndPriorityQueue"
            BlueprintName = "HeapAndPriorityQueue"
            ReferencedContainer = "container:HeapAndPriorityQueue.xcodeproj">
         </BuildableReference>
      </BuildableProductRunnable>
   </LaunchAction>
</Scheme>
