// !$*UTF8*$!
{
	archiveVersion = 1;
	classes = {
	};
	objectVersion = 46;
	objects = {

/* Begin PBXBuildFile section */
		19DDE1A65D4C73C118CEC6C3 /* Town.swift in Sources */ = {isa = PBXBuildFile; fileRef = 19DDE0D60AB72D01858401E8 /* Town.swift */; };
		19DDE2E8B96E9492F47669CD /* maze.swift in Sources */ = {isa = PBXBuildFile; fileRef = 19DDEFEFB37BC02C7AC722FF /* maze.swift */; };
		19DDE5E7F20621256A59EC0F /* main.swift in Sources */ = {isa = PBXBuildFile; fileRef = 19DDE61B05F2C51797312C4E /* main.swift */; };
		19DDEC6EAF6A6AA32C9ABED4 /* howManyIslands.swift in Sources */ = {isa = PBXBuildFile; fileRef = 19DDE0A8CA6F5F16408D9620 /* howManyIslands.swift */; };
		19DDEE450B7E9538F6F41280 /* Queue.swift in Sources */ = {isa = PBXBuildFile; fileRef = 19DDE009F5A73DD35DAAA5E5 /* Queue.swift */; };
		19DDEF1DD0D702B3DD73614F /* exercise1.swift in Sources */ = {isa = PBXBuildFile; fileRef = 19DDEE2702837697F6822A4B /* exercise1.swift */; };
/* End PBXBuildFile section */

/* Begin PBXCopyFilesBuildPhase section */
		19DDE62D4B8804F2037937C0 /* CopyFiles */ = {
			isa = PBXCopyFilesBuildPhase;
			buildActionMask = 2147483647;
			dstPath = /usr/share/man/man1/;
			dstSubfolderSpec = 0;
			files = (
			);
			runOnlyForDeploymentPostprocessing = 1;
		};
/* End PBXCopyFilesBuildPhase section */

/* Begin PBXFileReference section */
		19DDE009F5A73DD35DAAA5E5 /* Queue.swift */ = {isa = PBXFileReference; fileEncoding = 4; lastKnownFileType = sourcecode.swift; path = Queue.swift; sourceTree = "<group>"; };
		19DDE0A8CA6F5F16408D9620 /* howManyIslands.swift */ = {isa = PBXFileReference; fileEncoding = 4; lastKnownFileType = sourcecode.swift; path = howManyIslands.swift; sourceTree = "<group>"; };
		19DDE0D60AB72D01858401E8 /* Town.swift */ = {isa = PBXFileReference; fileEncoding = 4; lastKnownFileType = sourcecode.swift; path = Town.swift; sourceTree = "<group>"; };
		19DDE219235111B462435661 /* FloodFill */ = {isa = PBXFileReference; explicitFileType = "compiled.mach-o.executable"; includeInIndex = 0; path = FloodFill; sourceTree = BUILT_PRODUCTS_DIR; };
		19DDE61B05F2C51797312C4E /* main.swift */ = {isa = PBXFileReference; lastKnownFileType = sourcecode.swift; path = main.swift; sourceTree = "<group>"; };
		19DDEE2702837697F6822A4B /* exercise1.swift */ = {isa = PBXFileReference; fileEncoding = 4; lastKnownFileType = sourcecode.swift; path = exercise1.swift; sourceTree = "<group>"; };
		19DDEFEFB37BC02C7AC722FF /* maze.swift */ = {isa = PBXFileReference; fileEncoding = 4; lastKnownFileType = sourcecode.swift; path = maze.swift; sourceTree = "<group>"; };
/* End PBXFileReference section */

/* Begin PBXFrameworksBuildPhase section */
		19DDE187A29FB7B43730220C /* Frameworks */ = {
			isa = PBXFrameworksBuildPhase;
			buildActionMask = 2147483647;
			files = (
			);
			runOnlyForDeploymentPostprocessing = 0;
		};
/* End PBXFrameworksBuildPhase section */

/* Begin PBXGroup section */
		19DDEA57A1A6F8BE8B8FD3F2 = {
			isa = PBXGroup;
			children = (
				19DDEF2D4D8A87A59ED9993B /* Products */,
				19DDEAF6F3CE7FA799CDB681 /* FloodFill */,
			);
			sourceTree = "<group>";
		};
		19DDEAF6F3CE7FA799CDB681 /* FloodFill */ = {
			isa = PBXGroup;
			children = (
				19DDE61B05F2C51797312C4E /* main.swift */,
				19DDEE2702837697F6822A4B /* exercise1.swift */,
				19DDE009F5A73DD35DAAA5E5 /* Queue.swift */,
				19DDE0D60AB72D01858401E8 /* Town.swift */,
				19DDE0A8CA6F5F16408D9620 /* howManyIslands.swift */,
				19DDEFEFB37BC02C7AC722FF /* maze.swift */,
			);
			path = FloodFill;
			sourceTree = "<group>";
		};
		19DDEF2D4D8A87A59ED9993B /* Products */ = {
			isa = PBXGroup;
			children = (
				19DDE219235111B462435661 /* FloodFill */,
			);
			name = Products;
			sourceTree = "<group>";
		};
/* End PBXGroup section */

/* Begin PBXNativeTarget section */
		19DDE753B070636F65DD4ABB /* FloodFill */ = {
			isa = PBXNativeTarget;
			buildConfigurationList = 19DDE8123897D1F0D606C5D7 /* Build configuration list for PBXNativeTarget "FloodFill" */;
			buildPhases = (
				19DDE6FC38A4C66C815461E5 /* Sources */,
				19DDE187A29FB7B43730220C /* Frameworks */,
				19DDE62D4B8804F2037937C0 /* CopyFiles */,
			);
			buildRules = (
			);
			dependencies = (
			);
			name = FloodFill;
			productName = FloodFill;
			productReference = 19DDE219235111B462435661 /* FloodFill */;
			productType = "com.apple.product-type.tool";
		};
/* End PBXNativeTarget section */

/* Begin PBXProject section */
		19DDE183E7BE5C219F57229A /* Project object */ = {
			isa = PBXProject;
			attributes = {
				ORGANIZATIONNAME = kat2n;
			};
			buildConfigurationList = 19DDE24CC6A8874D192CCC6D /* Build configuration list for PBXProject "FloodFill" */;
			compatibilityVersion = "Xcode 3.2";
			developmentRegion = English;
			hasScannedForEncodings = 0;
			knownRegions = (
				en,
			);
			mainGroup = 19DDEA57A1A6F8BE8B8FD3F2;
			productRefGroup = 19DDEF2D4D8A87A59ED9993B /* Products */;
			projectDirPath = "";
			projectRoot = "";
			targets = (
				19DDE753B070636F65DD4ABB /* FloodFill */,
			);
		};
/* End PBXProject section */

/* Begin PBXSourcesBuildPhase section */
		19DDE6FC38A4C66C815461E5 /* Sources */ = {
			isa = PBXSourcesBuildPhase;
			buildActionMask = 2147483647;
			files = (
				19DDE5E7F20621256A59EC0F /* main.swift in Sources */,
				19DDEF1DD0D702B3DD73614F /* exercise1.swift in Sources */,
				19DDEE450B7E9538F6F41280 /* Queue.swift in Sources */,
				19DDE1A65D4C73C118CEC6C3 /* Town.swift in Sources */,
				19DDEC6EAF6A6AA32C9ABED4 /* howManyIslands.swift in Sources */,
				19DDE2E8B96E9492F47669CD /* maze.swift in Sources */,
			);
			runOnlyForDeploymentPostprocessing = 0;
		};
/* End PBXSourcesBuildPhase section */

/* Begin XCBuildConfiguration section */
		19DDE1E5BD30BAED75D35F0A /* Debug */ = {
			isa = XCBuildConfiguration;
			buildSettings = {
				PRODUCT_NAME = "$(TARGET_NAME)";
				SWIFT_VERSION = 4.2;
			};
			name = Debug;
		};
		19DDE5BFA72B6674B0F1A792 /* Release */ = {
			isa = XCBuildConfiguration;
			buildSettings = {
				PRODUCT_NAME = "$(TARGET_NAME)";
				SWIFT_VERSION = 4.2;
			};
			name = Release;
		};
		19DDE99AF85710DF83F1F47B /* Debug */ = {
			isa = XCBuildConfiguration;
			buildSettings = {
				ALWAYS_SEARCH_USER_PATHS = NO;
				CLANG_ANALYZER_NONNULL = YES;
				CLANG_ANALYZER_NUMBER_OBJECT_CONVERSION = YES_AGGRESSIVE;
				CLANG_CXX_LANGUAGE_STANDARD = "gnu++14";
				CLANG_CXX_LIBRARY = "libc++";
				CLANG_ENABLE_MODULES = YES;
				CLANG_ENABLE_OBJC_ARC = YES;
				CLANG_ENABLE_OBJC_WEAK = YES;
				CLANG_WARN_BLOCK_CAPTURE_AUTORELEASING = YES;
				CLANG_WARN_BOOL_CONVERSION = YES;
				CLANG_WARN_COMMA = YES;
				CLANG_WARN_CONSTANT_CONVERSION = YES;
				CLANG_WARN_DEPRECATED_OBJC_IMPLEMENTATIONS = YES;
				CLANG_WARN_DIRECT_OBJC_ISA_USAGE = YES_ERROR;
				CLANG_WARN_DOCUMENTATION_COMMENTS = YES;
				CLANG_WARN_EMPTY_BODY = YES;
				CLANG_WARN_ENUM_CONVERSION = YES;
				CLANG_WARN_INFINITE_RECURSION = YES;
				CLANG_WARN_INT_CONVERSION = YES;
				CLANG_WARN_NON_LITERAL_NULL_CONVERSION = YES;
				CLANG_WARN_OBJC_IMPLICIT_RETAIN_SELF = YES;
				CLANG_WARN_OBJC_LITERAL_CONVERSION = YES;
				CLANG_WARN_OBJC_ROOT_CLASS = YES_ERROR;
				CLANG_WARN_RANGE_LOOP_ANALYSIS = YES;
				CLANG_WARN_STRICT_PROTOTYPES = YES;
				CLANG_WARN_SUSPICIOUS_MOVE = YES;
				CLANG_WARN_UNGUARDED_AVAILABILITY = YES_AGGRESSIVE;
				CLANG_WARN_UNREACHABLE_CODE = YES;
				CLANG_WARN__DUPLICATE_METHOD_MATCH = YES;
				CODE_SIGN_IDENTITY = "-";
				COPY_PHASE_STRIP = NO;
				DEBUG_INFORMATION_FORMAT = dwarf;
				ENABLE_STRICT_OBJC_MSGSEND = YES;
				ENABLE_TESTABILITY = YES;
				GCC_C_LANGUAGE_STANDARD = gnu11;
				GCC_DYNAMIC_NO_PIC = NO;
				GCC_NO_COMMON_BLOCKS = YES;
				GCC_OPTIMIZATION_LEVEL = 0;
				GCC_PREPROCESSOR_DEFINITIONS = (
					"DEBUG=1",
					"$(inherited)",
				);
				GCC_WARN_64_TO_32_BIT_CONVERSION = YES;
				GCC_WARN_ABOUT_RETURN_TYPE = YES_ERROR;
				GCC_WARN_UNDECLARED_SELECTOR = YES;
				GCC_WARN_UNINITIALIZED_AUTOS = YES_AGGRESSIVE;
				GCC_WARN_UNUSED_FUNCTION = YES;
				GCC_WARN_UNUSED_VARIABLE = YES;
				MACOSX_DEPLOYMENT_TARGET = 10.14;
				MTL_ENABLE_DEBUG_INFO = INCLUDE_SOURCE;
				MTL_FAST_MATH = YES;
				ONLY_ACTIVE_ARCH = YES;
				SDKROOT = macosx;
				SWIFT_ACTIVE_COMPILATION_CONDITIONS = DEBUG;
				SWIFT_OPTIMIZATION_LEVEL = "-Onone";
			};
			name = Debug;
		};
		19DDEFAF26D4CCF97A19DC62 /* Release */ = {
			isa = XCBuildConfiguration;
			buildSettings = {
				ALWAYS_SEARCH_USER_PATHS = NO;
				CLANG_ANALYZER_NONNULL = YES;
				CLANG_ANALYZER_NUMBER_OBJECT_CONVERSION = YES_AGGRESSIVE;
				CLANG_CXX_LANGUAGE_STANDARD = "gnu++14";
				CLANG_CXX_LIBRARY = "libc++";
				CLANG_ENABLE_MODULES = YES;
				CLANG_ENABLE_OBJC_ARC = YES;
				CLANG_ENABLE_OBJC_WEAK = YES;
				CLANG_WARN_BLOCK_CAPTURE_AUTORELEASING = YES;
				CLANG_WARN_BOOL_CONVERSION = YES;
				CLANG_WARN_COMMA = YES;
				CLANG_WARN_CONSTANT_CONVERSION = YES;
				CLANG_WARN_DEPRECATED_OBJC_IMPLEMENTATIONS = YES;
				CLANG_WARN_DIRECT_OBJC_ISA_USAGE = YES_ERROR;
				CLANG_WARN_DOCUMENTATION_COMMENTS = YES;
				CLANG_WARN_EMPTY_BODY = YES;
				CLANG_WARN_ENUM_CONVERSION = YES;
				CLANG_WARN_INFINITE_RECURSION = YES;
				CLANG_WARN_INT_CONVERSION = YES;
				CLANG_WARN_NON_LITERAL_NULL_CONVERSION = YES;
				CLANG_WARN_OBJC_IMPLICIT_RETAIN_SELF = YES;
				CLANG_WARN_OBJC_LITERAL_CONVERSION = YES;
				CLANG_WARN_OBJC_ROOT_CLASS = YES_ERROR;
				CLANG_WARN_RANGE_LOOP_ANALYSIS = YES;
				CLANG_WARN_STRICT_PROTOTYPES = YES;
				CLANG_WARN_SUSPICIOUS_MOVE = YES;
				CLANG_WARN_UNGUARDED_AVAILABILITY = YES_AGGRESSIVE;
				CLANG_WARN_UNREACHABLE_CODE = YES;
				CLANG_WARN__DUPLICATE_METHOD_MATCH = YES;
				CODE_SIGN_IDENTITY = "-";
				COPY_PHASE_STRIP = NO;
				DEBUG_INFORMATION_FORMAT = "dwarf-with-dsym";
				ENABLE_NS_ASSERTIONS = NO;
				ENABLE_STRICT_OBJC_MSGSEND = YES;
				GCC_C_LANGUAGE_STANDARD = gnu11;
				GCC_NO_COMMON_BLOCKS = YES;
				GCC_WARN_64_TO_32_BIT_CONVERSION = YES;
				GCC_WARN_ABOUT_RETURN_TYPE = YES_ERROR;
				GCC_WARN_UNDECLARED_SELECTOR = YES;
				GCC_WARN_UNINITIALIZED_AUTOS = YES_AGGRESSIVE;
				GCC_WARN_UNUSED_FUNCTION = YES;
				GCC_WARN_UNUSED_VARIABLE = YES;
				MACOSX_DEPLOYMENT_TARGET = 10.14;
				MTL_ENABLE_DEBUG_INFO = NO;
				MTL_FAST_MATH = YES;
				SDKROOT = macosx;
				SWIFT_COMPILATION_MODE = wholemodule;
				SWIFT_OPTIMIZATION_LEVEL = "-O";
			};
			name = Release;
		};
/* End XCBuildConfiguration section */

/* Begin XCConfigurationList section */
		19DDE24CC6A8874D192CCC6D /* Build configuration list for PBXProject "FloodFill" */ = {
			isa = XCConfigurationList;
			buildConfigurations = (
				19DDE99AF85710DF83F1F47B /* Debug */,
				19DDEFAF26D4CCF97A19DC62 /* Release */,
			);
			defaultConfigurationIsVisible = 0;
			defaultConfigurationName = Release;
		};
		19DDE8123897D1F0D606C5D7 /* Build configuration list for PBXNativeTarget "FloodFill" */ = {
			isa = XCConfigurationList;
			buildConfigurations = (
				19DDE1E5BD30BAED75D35F0A /* Debug */,
				19DDE5BFA72B6674B0F1A792 /* Release */,
			);
			defaultConfigurationIsVisible = 0;
		};
/* End XCConfigurationList section */
	};
	rootObject = 19DDE183E7BE5C219F57229A /* Project object */;
}
