<?xml version="1.0" encoding="UTF-8"?>
<Scheme
   version = "1.3">
   <BuildAction>
      <BuildActionEntries>
         <BuildActionEntry
            buildForRunning = "YES">
            <BuildableReference
               BuildableIdentifier = "primary"
               BlueprintIdentifier = "19DDEB7D5D6EB5DC4F65232E"
               BuildableName = "TreeBasicsAssignment"
               BlueprintName = "TreeBasicsAssignment"
               ReferencedContainer = "container:TreeBasicsAssignment.xcodeproj">
            </BuildableReference>
         </BuildActionEntry>
      </BuildActionEntries>
   </BuildAction>
   <LaunchAction
      useCustomWorkingDirectory = "NO"
      buildConfiguration = "Debug"
      allowLocationSimulation = "YES">
      <BuildableProductRunnable>
         <BuildableReference
            BuildableIdentifier = "primary"
            BlueprintIdentifier = "19DDEB7D5D6EB5DC4F65232E"
            BuildableName = "TreeBasicsAssignment"
            BlueprintName = "TreeBasicsAssignment"
            ReferencedContainer = "container:TreeBasicsAssignment.xcodeproj">
         </BuildableReference>
      </BuildableProductRunnable>
   </LaunchAction>
</Scheme>
